{
  "version": 4,
  "terraform_version": "1.10.5",
  "serial": 1,
  "lineage": "a9403a3e-a422-aada-cb30-065d8cf82f3f",
  "outputs": {},
  "resources": [
    {
      "mode": "managed",
      "type": "local_file",
      "name": "file1",
      "provider": "provider[\"registry.terraform.io/hashicorp/local\"]",
      "instances": [
        {
          "schema_version": 0,
          "attributes": {
            "content": "hello in example-1",
            "content_base64": null,
            "content_base64sha256": "CvXfVj+XWWDvgcqxZYT6/X0s+66y8xhBShWkBORKYok=",
            "content_base64sha512": "fcBsEABmmjtNcNTfG6bqqoVzmV3TXRCWmlcpBgprU2BXS0i/5Y/GwoA7w9wVsbkwiwPPL0Jhx9BvbuC07GdKQg==",
            "content_md5": "70d47be7284c585088d3a3bb59bd4cb1",
            "content_sha1": "5124da4d02e0a2213edd47e7b0cd6464d5e52134",
            "content_sha256": "0af5df563f975960ef81cab16584fafd7d2cfbaeb2f318414a15a404e44a6289",
            "content_sha512": "7dc06c1000669a3b4d70d4df1ba6eaaa8573995dd35d10969a5729060a6b5360574b48bfe58fc6c2803bc3dc15b1b9308b03cf2f4261c7d06f6ee0b4ec674a42",
            "directory_permission": "0777",
            "file_permission": "0777",
            "filename": "./resources/example-1.txt",
            "id": "5124da4d02e0a2213edd47e7b0cd6464d5e52134",
            "sensitive_content": null,
            "source": null
          },
          "sensitive_attributes": [
            [
              {
                "type": "get_attr",
                "value": "sensitive_content"
              }
            ]
          ]
        }
      ]
    },
    {
      "mode": "managed",
      "type": "local_file",
      "name": "file2",
      "provider": "provider[\"registry.terraform.io/hashicorp/local\"]",
      "instances": [
        {
          "schema_version": 0,
          "attributes": {
            "content": "hello in example-2",
            "content_base64": null,
            "content_base64sha256": "AKP/IYt2+kjrAtOuWFSnf6x+PnW0EV5Wu+vcqO+DfEY=",
            "content_base64sha512": "n8hA+aFff1p6zsP9yfoaoEOfb1BBLk4EsdeH8poWlz7zLMbaA8IXUszgAQ9d80NeCfbgFog2Gt32EEGQqQt12Q==",
            "content_md5": "b6d2f7a1e994d9e605fe0ed3d92146b0",
            "content_sha1": "e962a27ec8281e5c4d9df3492cd353edaad3fb4a",
            "content_sha256": "00a3ff218b76fa48eb02d3ae5854a77fac7e3e75b4115e56bbebdca8ef837c46",
            "content_sha512": "9fc840f9a15f7f5a7acec3fdc9fa1aa0439f6f50412e4e04b1d787f29a16973ef32cc6da03c21752cce0010f5df3435e09f6e01688361addf6104190a90b75d9",
            "directory_permission": "0777",
            "file_permission": "0777",
            "filename": "./resources/example-2.txt",
            "id": "e962a27ec8281e5c4d9df3492cd353edaad3fb4a",
            "sensitive_content": null,
            "source": null
          },
          "sensitive_attributes": [
            [
              {
                "type": "get_attr",
                "value": "sensitive_content"
              }
            ]
          ]
        }
      ]
    }
  ],
  "check_results": null
}
