{
  "version": 4,
  "terraform_version": "1.10.5",
  "serial": 16,
  "lineage": "5f257e06-bbb0-65ab-7cd4-22424e4f87ab",
  "outputs": {},
  "resources": [
    {
      "mode": "managed",
      "type": "local_file",
      "name": "file",
      "provider": "provider[\"registry.terraform.io/hashicorp/local\"]",
      "instances": [
        {
          "schema_version": 0,
          "attributes": {
            "content": "prasanna!!",
            "content_base64": null,
            "content_base64sha256": "ax3wVY1iBXPcFYN5hl3o/rJIJ3Wl6swfPuEAp5+Ybl0=",
            "content_base64sha512": "rXQmEVVIDbGoajPtvDYHy82X+bPH0MgI4k8vnzMyQs7NLkQjA7xJ9EV2pv2835rNJXNvzSv+4qH2J1QBtTBG1Q==",
            "content_md5": "335307ae5569b78bcb9ff99bc3bb9302",
            "content_sha1": "fd29b7f08ea806f8800dc19e70638b1344c300ee",
            "content_sha256": "6b1df0558d620573dc158379865de8feb2482775a5eacc1f3ee100a79f986e5d",
            "content_sha512": "ad74261155480db1a86a33edbc3607cbcd97f9b3c7d0c808e24f2f9f333242cecd2e442303bc49f44576a6fdbcdf9acd25736fcd2bfee2a1f6275401b53046d5",
            "directory_permission": "0777",
            "file_permission": "0777",
            "filename": "./folder1/example1.txt",
            "id": "fd29b7f08ea806f8800dc19e70638b1344c300ee",
            "sensitive_content": null,
            "source": null
          },
          "sensitive_attributes": [
            [
              {
                "type": "get_attr",
                "value": "sensitive_content"
              }
            ]
          ]
        }
      ]
    },
    {
      "mode": "managed",
      "type": "local_file",
      "name": "file_2",
      "provider": "provider[\"registry.terraform.io/hashicorp/local\"]",
      "instances": [
        {
          "index_key": 0,
          "schema_version": 0,
          "attributes": {
            "content": "you",
            "content_base64": null,
            "content_base64sha256": "uwNHpGjZfpipwA43zr7Bq5MPbxIhyuDx+7krB+GQC6I=",
            "content_base64sha512": "Jjrc4PBO4es+dVKO1SUXJJBr3UTEJloc0Rha8BCkVh4VODPR6kbfaXZPLs6OMxmfjXh785zFHrtAbxVIDH54Dg==",
            "content_md5": "639bae9ac6b3e1a84cebb7b403297b79",
            "content_sha1": "8af56de68279cb6f5ed022f31af18b9fcdcc2e92",
            "content_sha256": "bb0347a468d97e98a9c00e37cebec1ab930f6f1221cae0f1fbb92b07e1900ba2",
            "content_sha512": "263adce0f04ee1eb3e75528ed5251724906bdd44c4265a1cd1185af010a4561e153833d1ea46df69764f2ece8e33199f8d787bf39cc51ebb406f15480c7e780e",
            "directory_permission": "0777",
            "file_permission": "0777",
            "filename": "./folder1/example-0.txt",
            "id": "8af56de68279cb6f5ed022f31af18b9fcdcc2e92",
            "sensitive_content": null,
            "source": null
          },
          "sensitive_attributes": [
            [
              {
                "type": "get_attr",
                "value": "sensitive_content"
              }
            ]
          ]
        },
        {
          "index_key": 1,
          "schema_version": 0,
          "attributes": {
            "content": "you",
            "content_base64": null,
            "content_base64sha256": "uwNHpGjZfpipwA43zr7Bq5MPbxIhyuDx+7krB+GQC6I=",
            "content_base64sha512": "Jjrc4PBO4es+dVKO1SUXJJBr3UTEJloc0Rha8BCkVh4VODPR6kbfaXZPLs6OMxmfjXh785zFHrtAbxVIDH54Dg==",
            "content_md5": "639bae9ac6b3e1a84cebb7b403297b79",
            "content_sha1": "8af56de68279cb6f5ed022f31af18b9fcdcc2e92",
            "content_sha256": "bb0347a468d97e98a9c00e37cebec1ab930f6f1221cae0f1fbb92b07e1900ba2",
            "content_sha512": "263adce0f04ee1eb3e75528ed5251724906bdd44c4265a1cd1185af010a4561e153833d1ea46df69764f2ece8e33199f8d787bf39cc51ebb406f15480c7e780e",
            "directory_permission": "0777",
            "file_permission": "0777",
            "filename": "./folder1/example-1.txt",
            "id": "8af56de68279cb6f5ed022f31af18b9fcdcc2e92",
            "sensitive_content": null,
            "source": null
          },
          "sensitive_attributes": [
            [
              {
                "type": "get_attr",
                "value": "sensitive_content"
              }
            ]
          ]
        }
      ]
    },
    {
      "mode": "managed",
      "type": "local_sensitive_file",
      "name": "file_1",
      "provider": "provider[\"registry.terraform.io/hashicorp/local\"]",
      "instances": [
        {
          "schema_version": 0,
          "attributes": {
            "content": "sensitive info!!:)",
            "content_base64": null,
            "content_base64sha256": "8fJBLo7CfDy1QbklqlTExEj4e/WzaavfY//zGRoOxUA=",
            "content_base64sha512": "AMz7Z3imdAOBSft7VvHCufSakCV9t4fwaFI+uD7Boxn85OWIzr0xzvphu4n6gCi4Hrh8d/XYNc4gRB9tfHH6kQ==",
            "content_md5": "ec0dee1cffacfdc0e096c22bec42aa15",
            "content_sha1": "be147d923c1e287d1be7bda01a4dcf80633dd941",
            "content_sha256": "f1f2412e8ec27c3cb541b925aa54c4c448f87bf5b369abdf63fff3191a0ec540",
            "content_sha512": "00ccfb6778a674038149fb7b56f1c2b9f49a90257db787f068523eb83ec1a319fce4e588cebd31cefa61bb89fa8028b81eb87c77f5d835ce20441f6d7c71fa91",
            "directory_permission": "0700",
            "file_permission": "0700",
            "filename": "./folder1/example2.txt",
            "id": "be147d923c1e287d1be7bda01a4dcf80633dd941",
            "source": null
          },
          "sensitive_attributes": [
            [
              {
                "type": "get_attr",
                "value": "content"
              }
            ],
            [
              {
                "type": "get_attr",
                "value": "content_base64"
              }
            ]
          ]
        }
      ]
    }
  ],
  "check_results": null
}
